{
  "name": "sonos-now-playing",
  "version": "0.1.0",
  "lockfileVersion": 3,
  "requires": true,
  "packages": {
    "": {
      "name": "sonos-now-playing",
      "version": "0.1.0",
      "dependencies": {
        "piphi-network-widget-sdk": "^0.3.0"
      }
    },
    "node_modules/piphi-network-widget-sdk": {
      "version": "0.3.0",
      "resolved": "https://registry.npmjs.org/piphi-network-widget-sdk/-/piphi-network-widget-sdk-0.3.0.tgz",
      "integrity": "sha512-PKkcJSFiC0gZbVdux+2S+qnNwc4tWkVNNy0O5nrwiL8t/gdBwvMlVZZ/V+2lmkRk6AQBK9dLlbsuPDOL431Q3Q==",
      "license": "MIT",
      "bin": {
        "piphi-widget": "bin/piphi-widget.mjs"
      },
      "engines": {
        "node": ">=22"
      }
    }
  }
}
